// !$*UTF8*$!
{
	archiveVersion = 1;
	classes = {
	};
	objectVersion = 46;
	objects = {

/* Begin PBXBuildFile section */
		6CE6EEE71F419C09006065D7 /* main.c in Sources */ = {isa = PBXBuildFile; fileRef = 6CE6EEE61F419C09006065D7 /* main.c */; };
		6CE6EEEF1F419CDD006065D7 /* sort.c in Sources */ = {isa = PBXBuildFile; fileRef = 6CE6EEED1F419CDD006065D7 /* sort.c */; settings = {ASSET_TAGS = (); }; };
		6CE6EEF21F428F4B006065D7 /* search.c in Sources */ = {isa = PBXBuildFile; fileRef = 6CE6EEF01F428F4B006065D7 /* search.c */; settings = {ASSET_TAGS = (); }; };
/* End PBXBuildFile section */

/* Begin PBXCopyFilesBuildPhase section */
		6CE6EEE11F419C09006065D7 /* CopyFiles */ = {
			isa = PBXCopyFilesBuildPhase;
			buildActionMask = 2147483647;
			dstPath = /usr/share/man/man1/;
			dstSubfolderSpec = 0;
			files = (
			);
			runOnlyForDeploymentPostprocessing = 1;
		};
/* End PBXCopyFilesBuildPhase section */

/* Begin PBXFileReference section */
		6CE6EEE31F419C09006065D7 /* JTAlgorithmDemo */ = {isa = PBXFileReference; explicitFileType = "compiled.mach-o.executable"; includeInIndex = 0; path = JTAlgorithmDemo; sourceTree = BUILT_PRODUCTS_DIR; };
		6CE6EEE61F419C09006065D7 /* main.c */ = {isa = PBXFileReference; lastKnownFileType = sourcecode.c.c; path = main.c; sourceTree = "<group>"; };
		6CE6EEED1F419CDD006065D7 /* sort.c */ = {isa = PBXFileReference; fileEncoding = 4; lastKnownFileType = sourcecode.c.c; path = sort.c; sourceTree = "<group>"; };
		6CE6EEEE1F419CDD006065D7 /* sort.h */ = {isa = PBXFileReference; fileEncoding = 4; lastKnownFileType = sourcecode.c.h; path = sort.h; sourceTree = "<group>"; };
		6CE6EEF01F428F4B006065D7 /* search.c */ = {isa = PBXFileReference; fileEncoding = 4; lastKnownFileType = sourcecode.c.c; path = search.c; sourceTree = "<group>"; };
		6CE6EEF11F428F4B006065D7 /* search.h */ = {isa = PBXFileReference; fileEncoding = 4; lastKnownFileType = sourcecode.c.h; path = search.h; sourceTree = "<group>"; };
		6CE6EEF31F4295A0006065D7 /* common.h */ = {isa = PBXFileReference; lastKnownFileType = sourcecode.c.h; path = common.h; sourceTree = "<group>"; };
/* End PBXFileReference section */

/* Begin PBXFrameworksBuildPhase section */
		6CE6EEE01F419C09006065D7 /* Frameworks */ = {
			isa = PBXFrameworksBuildPhase;
			buildActionMask = 2147483647;
			files = (
			);
			runOnlyForDeploymentPostprocessing = 0;
		};
/* End PBXFrameworksBuildPhase section */

/* Begin PBXGroup section */
		6CE6EEDA1F419C09006065D7 = {
			isa = PBXGroup;
			children = (
				6CE6EEE51F419C09006065D7 /* JTAlgorithmDemo */,
				6CE6EEE41F419C09006065D7 /* Products */,
			);
			sourceTree = "<group>";
		};
		6CE6EEE41F419C09006065D7 /* Products */ = {
			isa = PBXGroup;
			children = (
				6CE6EEE31F419C09006065D7 /* JTAlgorithmDemo */,
			);
			name = Products;
			sourceTree = "<group>";
		};
		6CE6EEE51F419C09006065D7 /* JTAlgorithmDemo */ = {
			isa = PBXGroup;
			children = (
				6CE6EEE61F419C09006065D7 /* main.c */,
				6CE6EEED1F419CDD006065D7 /* sort.c */,
				6CE6EEEE1F419CDD006065D7 /* sort.h */,
				6CE6EEF01F428F4B006065D7 /* search.c */,
				6CE6EEF11F428F4B006065D7 /* search.h */,
				6CE6EEF31F4295A0006065D7 /* common.h */,
			);
			path = JTAlgorithmDemo;
			sourceTree = "<group>";
		};
/* End PBXGroup section */

/* Begin PBXNativeTarget section */
		6CE6EEE21F419C09006065D7 /* JTAlgorithmDemo */ = {
			isa = PBXNativeTarget;
			buildConfigurationList = 6CE6EEEA1F419C09006065D7 /* Build configuration list for PBXNativeTarget "JTAlgorithmDemo" */;
			buildPhases = (
				6CE6EEDF1F419C09006065D7 /* Sources */,
				6CE6EEE01F419C09006065D7 /* Frameworks */,
				6CE6EEE11F419C09006065D7 /* CopyFiles */,
			);
			buildRules = (
			);
			dependencies = (
			);
			name = JTAlgorithmDemo;
			productName = JTAlgorithmDemo;
			productReference = 6CE6EEE31F419C09006065D7 /* JTAlgorithmDemo */;
			productType = "com.apple.product-type.tool";
		};
/* End PBXNativeTarget section */

/* Begin PBXProject section */
		6CE6EEDB1F419C09006065D7 /* Project object */ = {
			isa = PBXProject;
			attributes = {
				LastUpgradeCheck = 0700;
				ORGANIZATIONNAME = BJT;
				TargetAttributes = {
					6CE6EEE21F419C09006065D7 = {
						CreatedOnToolsVersion = 7.0;
					};
				};
			};
			buildConfigurationList = 6CE6EEDE1F419C09006065D7 /* Build configuration list for PBXProject "JTAlgorithmDemo" */;
			compatibilityVersion = "Xcode 3.2";
			developmentRegion = English;
			hasScannedForEncodings = 0;
			knownRegions = (
				en,
			);
			mainGroup = 6CE6EEDA1F419C09006065D7;
			productRefGroup = 6CE6EEE41F419C09006065D7 /* Products */;
			projectDirPath = "";
			projectRoot = "";
			targets = (
				6CE6EEE21F419C09006065D7 /* JTAlgorithmDemo */,
			);
		};
/* End PBXProject section */

/* Begin PBXSourcesBuildPhase section */
		6CE6EEDF1F419C09006065D7 /* Sources */ = {
			isa = PBXSourcesBuildPhase;
			buildActionMask = 2147483647;
			files = (
				6CE6EEF21F428F4B006065D7 /* search.c in Sources */,
				6CE6EEE71F419C09006065D7 /* main.c in Sources */,
				6CE6EEEF1F419CDD006065D7 /* sort.c in Sources */,
			);
			runOnlyForDeploymentPostprocessing = 0;
		};
/* End PBXSourcesBuildPhase section */

/* Begin XCBuildConfiguration section */
		6CE6EEE81F419C09006065D7 /* Debug */ = {
			isa = XCBuildConfiguration;
			buildSettings = {
				ALWAYS_SEARCH_USER_PATHS = NO;
				CLANG_CXX_LANGUAGE_STANDARD = "gnu++0x";
				CLANG_CXX_LIBRARY = "libc++";
				CLANG_ENABLE_MODULES = YES;
				CLANG_ENABLE_OBJC_ARC = YES;
				CLANG_WARN_BOOL_CONVERSION = YES;
				CLANG_WARN_CONSTANT_CONVERSION = YES;
				CLANG_WARN_DIRECT_OBJC_ISA_USAGE = YES_ERROR;
				CLANG_WARN_EMPTY_BODY = YES;
				CLANG_WARN_ENUM_CONVERSION = YES;
				CLANG_WARN_INT_CONVERSION = YES;
				CLANG_WARN_OBJC_ROOT_CLASS = YES_ERROR;
				CLANG_WARN_UNREACHABLE_CODE = YES;
				CLANG_WARN__DUPLICATE_METHOD_MATCH = YES;
				COPY_PHASE_STRIP = NO;
				DEBUG_INFORMATION_FORMAT = dwarf;
				ENABLE_STRICT_OBJC_MSGSEND = YES;
				ENABLE_TESTABILITY = YES;
				GCC_C_LANGUAGE_STANDARD = gnu99;
				GCC_DYNAMIC_NO_PIC = NO;
				GCC_NO_COMMON_BLOCKS = YES;
				GCC_OPTIMIZATION_LEVEL = 0;
				GCC_PREPROCESSOR_DEFINITIONS = (
					"DEBUG=1",
					"$(inherited)",
				);
				GCC_WARN_64_TO_32_BIT_CONVERSION = YES;
				GCC_WARN_ABOUT_RETURN_TYPE = YES_ERROR;
				GCC_WARN_UNDECLARED_SELECTOR = YES;
				GCC_WARN_UNINITIALIZED_AUTOS = YES_AGGRESSIVE;
				GCC_WARN_UNUSED_FUNCTION = YES;
				GCC_WARN_UNUSED_VARIABLE = YES;
				MACOSX_DEPLOYMENT_TARGET = 10.11;
				MTL_ENABLE_DEBUG_INFO = YES;
				ONLY_ACTIVE_ARCH = YES;
				SDKROOT = macosx;
			};
			name = Debug;
		};
		6CE6EEE91F419C09006065D7 /* Release */ = {
			isa = XCBuildConfiguration;
			buildSettings = {
				ALWAYS_SEARCH_USER_PATHS = NO;
				CLANG_CXX_LANGUAGE_STANDARD = "gnu++0x";
				CLANG_CXX_LIBRARY = "libc++";
				CLANG_ENABLE_MODULES = YES;
				CLANG_ENABLE_OBJC_ARC = YES;
				CLANG_WARN_BOOL_CONVERSION = YES;
				CLANG_WARN_CONSTANT_CONVERSION = YES;
				CLANG_WARN_DIRECT_OBJC_ISA_USAGE = YES_ERROR;
				CLANG_WARN_EMPTY_BODY = YES;
				CLANG_WARN_ENUM_CONVERSION = YES;
				CLANG_WARN_INT_CONVERSION = YES;
				CLANG_WARN_OBJC_ROOT_CLASS = YES_ERROR;
				CLANG_WARN_UNREACHABLE_CODE = YES;
				CLANG_WARN__DUPLICATE_METHOD_MATCH = YES;
				COPY_PHASE_STRIP = NO;
				DEBUG_INFORMATION_FORMAT = "dwarf-with-dsym";
				ENABLE_NS_ASSERTIONS = NO;
				ENABLE_STRICT_OBJC_MSGSEND = YES;
				GCC_C_LANGUAGE_STANDARD = gnu99;
				GCC_NO_COMMON_BLOCKS = YES;
				GCC_WARN_64_TO_32_BIT_CONVERSION = YES;
				GCC_WARN_ABOUT_RETURN_TYPE = YES_ERROR;
				GCC_WARN_UNDECLARED_SELECTOR = YES;
				GCC_WARN_UNINITIALIZED_AUTOS = YES_AGGRESSIVE;
				GCC_WARN_UNUSED_FUNCTION = YES;
				GCC_WARN_UNUSED_VARIABLE = YES;
				MACOSX_DEPLOYMENT_TARGET = 10.11;
				MTL_ENABLE_DEBUG_INFO = NO;
				SDKROOT = macosx;
			};
			name = Release;
		};
		6CE6EEEB1F419C09006065D7 /* Debug */ = {
			isa = XCBuildConfiguration;
			buildSettings = {
				PRODUCT_NAME = "$(TARGET_NAME)";
			};
			name = Debug;
		};
		6CE6EEEC1F419C09006065D7 /* Release */ = {
			isa = XCBuildConfiguration;
			buildSettings = {
				PRODUCT_NAME = "$(TARGET_NAME)";
			};
			name = Release;
		};
/* End XCBuildConfiguration section */

/* Begin XCConfigurationList section */
		6CE6EEDE1F419C09006065D7 /* Build configuration list for PBXProject "JTAlgorithmDemo" */ = {
			isa = XCConfigurationList;
			buildConfigurations = (
				6CE6EEE81F419C09006065D7 /* Debug */,
				6CE6EEE91F419C09006065D7 /* Release */,
			);
			defaultConfigurationIsVisible = 0;
			defaultConfigurationName = Release;
		};
		6CE6EEEA1F419C09006065D7 /* Build configuration list for PBXNativeTarget "JTAlgorithmDemo" */ = {
			isa = XCConfigurationList;
			buildConfigurations = (
				6CE6EEEB1F419C09006065D7 /* Debug */,
				6CE6EEEC1F419C09006065D7 /* Release */,
			);
			defaultConfigurationIsVisible = 0;
		};
/* End XCConfigurationList section */
	};
	rootObject = 6CE6EEDB1F419C09006065D7 /* Project object */;
}
